# Build-start pins.
HERMES_VERSION=0.21.5
HERMES_REVISION=f97608f178d1ffeca59860195ab7da295f7c8e5f
HERMES_DOWNSTREAM_PATCH=patches/f97608f1-discord-intro.patch
HERMES_DOWNSTREAM_PATCH_SHA256=e1532474992f53d67d0611ca929369da4ee53b4077df192f9087de5fe7e7f099
HERMES_SOURCE=https://github.com/NousResearch/hermes-agent.git
BUN_VERSION=1.3.14
BUN_LINUX_X64_SHA256=951ee2aee855f08595aeec6225226a298d3fea83a3dcd6465c09cbccdf7e848f
PYTHON_BASE=python:3.12.13-slim-trixie@sha256:57cd7c3a7a273101a6485ba99423ee568157882804b1124b4dd04266317710de
HERMES_LOCKFILE=uv.lock
