# Build-start pins. The accepted sparrow wrapper may update its checkout after
# container start, so these values do not claim effective post-start immutability.
HERMES_VERSION=0.19.0
HERMES_REVISION=339d968689a3b91c5f537d7198ff28abde32ab3b
HERMES_SOURCE=https://github.com/NousResearch/hermes-agent.git
SPARROW_FUNCTION_SPEC_REVISION=c4b6941b4b7bfb054040960099616019a901e745
SPARROW_FUNCTION_SPEC_SOURCE=git@gitlab.git.sparrow.local:mcp-servers/functional-spec.git
BUN_VERSION=1.3.14
BUN_LINUX_X64_SHA256=951ee2aee855f08595aeec6225226a298d3fea83a3dcd6465c09cbccdf7e848f
PYTHON_BASE=python:3.12.11-slim-bookworm@sha256:c00fc7b44d844b6da22861ec24af43968a5200eac4ec607b4725d585165d6b49
HERMES_LOCKFILE=uv.lock
SPARROW_FUNCTION_SPEC_LOCKFILE=bun.lock
